
Microsoft Visual Studio Solution File, Format Version 12.00
# Visual Studio 15
VisualStudioVersion = 15.0.27703.2000
MinimumVisualStudioVersion = 10.0.40219.1
Project("{FAE04EC0-301F-11D3-BF4B-00C04F79EFBC}") = "TodoApp", "TodoApp\TodoApp.csproj", "{05ADAF1C-F9E8-4694-8974-54DAB961A807}"
EndProject
Global
	GlobalSection(SolutionConfigurationPlatforms) = preSolution
		Debug|Any CPU = Debug|Any CPU
		Release|Any CPU = Release|Any CPU
	EndGlobalSection
	GlobalSection(ProjectConfigurationPlatforms) = postSolution
		{05ADAF1C-F9E8-4694-8974-54DAB961A807}.Debug|Any CPU.ActiveCfg = Debug|Any CPU
		{05ADAF1C-F9E8-4694-8974-54DAB961A807}.Debug|Any CPU.Build.0 = Debug|Any CPU
		{05ADAF1C-F9E8-4694-8974-54DAB961A807}.Release|Any CPU.ActiveCfg = Release|Any CPU
		{05ADAF1C-F9E8-4694-8974-54DAB961A807}.Release|Any CPU.Build.0 = Release|Any CPU
	EndGlobalSection
	GlobalSection(SolutionProperties) = preSolution
		HideSolutionNode = FALSE
	EndGlobalSection
	GlobalSection(ExtensibilityGlobals) = postSolution
		SolutionGuid = {90CB52DC-4CE4-4A5A-B3AC-0313ECF8F995}
	EndGlobalSection
EndGlobal
